// !$*UTF8*$!
{
	archiveVersion = 1;
	classes = {
	};
	objectVersion = 46;
	objects = {

/* Begin PBXBuildFile section */
		1D63B3F220D0DEAA002F8892 /* JKColors_watchOS.h in Headers */ = {isa = PBXBuildFile; fileRef = 1D63B3F020D0DEAA002F8892 /* JKColors_watchOS.h */; settings = {ATTRIBUTES = (Public, ); }; };
		1D63B40420D0DFDA002F8892 /* JKColors_tvOS.framework in Frameworks */ = {isa = PBXBuildFile; fileRef = 1D63B3FB20D0DFD9002F8892 /* JKColors_tvOS.framework */; };
		1D63B40920D0DFDA002F8892 /* JKColors_tvOSTests.swift in Sources */ = {isa = PBXBuildFile; fileRef = 1D63B40820D0DFDA002F8892 /* JKColors_tvOSTests.swift */; };
		1D63B40B20D0DFDA002F8892 /* JKColors_tvOS.h in Headers */ = {isa = PBXBuildFile; fileRef = 1D63B3FD20D0DFDA002F8892 /* JKColors_tvOS.h */; settings = {ATTRIBUTES = (Public, ); }; };
		1D63B42020D0EE3B002F8892 /* JKColors_macOS.framework in Frameworks */ = {isa = PBXBuildFile; fileRef = 1D63B41720D0EE3B002F8892 /* JKColors_macOS.framework */; };
		1D63B42520D0EE3B002F8892 /* JKColors_macOSTests.swift in Sources */ = {isa = PBXBuildFile; fileRef = 1D63B42420D0EE3B002F8892 /* JKColors_macOSTests.swift */; };
		1D63B42720D0EE3B002F8892 /* JKColors_macOS.h in Headers */ = {isa = PBXBuildFile; fileRef = 1D63B41920D0EE3B002F8892 /* JKColors_macOS.h */; settings = {ATTRIBUTES = (Public, ); }; };
		1D63B43120D14118002F8892 /* Nimble.framework in Frameworks */ = {isa = PBXBuildFile; fileRef = 1D63B42F20D14118002F8892 /* Nimble.framework */; };
		1D63B43220D14118002F8892 /* Quick.framework in Frameworks */ = {isa = PBXBuildFile; fileRef = 1D63B43020D14118002F8892 /* Quick.framework */; };
		1D63B43520D14131002F8892 /* Quick.framework in Frameworks */ = {isa = PBXBuildFile; fileRef = 1D63B43320D14131002F8892 /* Quick.framework */; };
		1D63B43620D14131002F8892 /* Nimble.framework in Frameworks */ = {isa = PBXBuildFile; fileRef = 1D63B43420D14131002F8892 /* Nimble.framework */; };
		1D63B43920D14149002F8892 /* Nimble.framework in Frameworks */ = {isa = PBXBuildFile; fileRef = 1D63B43720D14149002F8892 /* Nimble.framework */; };
		1D63B43A20D14149002F8892 /* Quick.framework in Frameworks */ = {isa = PBXBuildFile; fileRef = 1D63B43820D14149002F8892 /* Quick.framework */; };
		931AD2150E0792F5B6DD2C6C /* UIColor+HexSupport.swift in Sources */ = {isa = PBXBuildFile; fileRef = 931AD0181011314C4F7C0F00 /* UIColor+HexSupport.swift */; };
		931AD55CEBCFBD666D113A73 /* .swiftlint.yml in Resources */ = {isa = PBXBuildFile; fileRef = 931ADD4CB7ACA9A99BDB3FEB /* .swiftlint.yml */; };
		931AD76CCF0816CBB03D3A48 /* JKColorsTests.swift in Sources */ = {isa = PBXBuildFile; fileRef = 931AD31F86CE03AE82282AB8 /* JKColorsTests.swift */; };
		931AD80ED9785526806CA914 /* JKColors.framework in Frameworks */ = {isa = PBXBuildFile; fileRef = 931AD6B0D3B00C77BEB6D3BC /* JKColors.framework */; };
		931AD81B292063F3F046093A /* UIColor+HexSupport.swift in Sources */ = {isa = PBXBuildFile; fileRef = 931AD0181011314C4F7C0F00 /* UIColor+HexSupport.swift */; };
		931AD995A8A9B4736783EDA2 /* UIColor+HexSupport.swift in Sources */ = {isa = PBXBuildFile; fileRef = 931AD0181011314C4F7C0F00 /* UIColor+HexSupport.swift */; };
		931ADB7C079EE00A295946CA /* JKColors.h in Headers */ = {isa = PBXBuildFile; fileRef = 931ADA530468A0C65F8E05E0 /* JKColors.h */; settings = {ATTRIBUTES = (Public, ); }; };
		931ADBC602B86E0617EC19B3 /* NSColor+HexSupport.swift in Sources */ = {isa = PBXBuildFile; fileRef = 931AD9B6DBCF1695824F302F /* NSColor+HexSupport.swift */; };
		931ADC3B2FFF663425A22035 /* String+HexColorSupport.swift in Sources */ = {isa = PBXBuildFile; fileRef = 931ADB7D709CBA5B088FA2B0 /* String+HexColorSupport.swift */; };
		931ADD12C0688423539563E8 /* String+HexColorSupport.swift in Sources */ = {isa = PBXBuildFile; fileRef = 931ADB7D709CBA5B088FA2B0 /* String+HexColorSupport.swift */; };
		931ADD19A55543F79EB27DD1 /* String+HexColorSupport.swift in Sources */ = {isa = PBXBuildFile; fileRef = 931ADB7D709CBA5B088FA2B0 /* String+HexColorSupport.swift */; };
		931ADD6C0F4E0D0B4DEE5797 /* String+HexColorSupport.swift in Sources */ = {isa = PBXBuildFile; fileRef = 931ADB4966C760EA1BCCA828 /* String+HexColorSupport.swift */; };
/* End PBXBuildFile section */

/* Begin PBXContainerItemProxy section */
		1D63B40520D0DFDA002F8892 /* PBXContainerItemProxy */ = {
			isa = PBXContainerItemProxy;
			containerPortal = 931ADD6ECC443AE41C580EFC /* Project object */;
			proxyType = 1;
			remoteGlobalIDString = 1D63B3FA20D0DFD9002F8892;
			remoteInfo = JKColors_tvOS;
		};
		1D63B42120D0EE3B002F8892 /* PBXContainerItemProxy */ = {
			isa = PBXContainerItemProxy;
			containerPortal = 931ADD6ECC443AE41C580EFC /* Project object */;
			proxyType = 1;
			remoteGlobalIDString = 1D63B41620D0EE3B002F8892;
			remoteInfo = JKColors_macOS;
		};
		931ADB39B16D1E87C52E5FA7 /* PBXContainerItemProxy */ = {
			isa = PBXContainerItemProxy;
			containerPortal = 931ADD6ECC443AE41C580EFC /* Project object */;
			proxyType = 1;
			remoteGlobalIDString = 931AD99171E8469383BC9099;
			remoteInfo = JKColors;
		};
/* End PBXContainerItemProxy section */

/* Begin PBXFileReference section */
		1D63B3EE20D0DEAA002F8892 /* JKColors_watchOS.framework */ = {isa = PBXFileReference; explicitFileType = wrapper.framework; includeInIndex = 0; path = JKColors_watchOS.framework; sourceTree = BUILT_PRODUCTS_DIR; };
		1D63B3F020D0DEAA002F8892 /* JKColors_watchOS.h */ = {isa = PBXFileReference; lastKnownFileType = sourcecode.c.h; path = JKColors_watchOS.h; sourceTree = "<group>"; };
		1D63B3F120D0DEAA002F8892 /* Info.plist */ = {isa = PBXFileReference; lastKnownFileType = text.plist.xml; path = Info.plist; sourceTree = "<group>"; };
		1D63B3FB20D0DFD9002F8892 /* JKColors_tvOS.framework */ = {isa = PBXFileReference; explicitFileType = wrapper.framework; includeInIndex = 0; path = JKColors_tvOS.framework; sourceTree = BUILT_PRODUCTS_DIR; };
		1D63B3FD20D0DFDA002F8892 /* JKColors_tvOS.h */ = {isa = PBXFileReference; lastKnownFileType = sourcecode.c.h; path = JKColors_tvOS.h; sourceTree = "<group>"; };
		1D63B3FE20D0DFDA002F8892 /* Info.plist */ = {isa = PBXFileReference; lastKnownFileType = text.plist.xml; path = Info.plist; sourceTree = "<group>"; };
		1D63B40320D0DFDA002F8892 /* JKColors_tvOSTests.xctest */ = {isa = PBXFileReference; explicitFileType = wrapper.cfbundle; includeInIndex = 0; path = JKColors_tvOSTests.xctest; sourceTree = BUILT_PRODUCTS_DIR; };
		1D63B40820D0DFDA002F8892 /* JKColors_tvOSTests.swift */ = {isa = PBXFileReference; lastKnownFileType = sourcecode.swift; path = JKColors_tvOSTests.swift; sourceTree = "<group>"; };
		1D63B40A20D0DFDA002F8892 /* Info.plist */ = {isa = PBXFileReference; lastKnownFileType = text.plist.xml; path = Info.plist; sourceTree = "<group>"; };
		1D63B41720D0EE3B002F8892 /* JKColors_macOS.framework */ = {isa = PBXFileReference; explicitFileType = wrapper.framework; includeInIndex = 0; path = JKColors_macOS.framework; sourceTree = BUILT_PRODUCTS_DIR; };
		1D63B41920D0EE3B002F8892 /* JKColors_macOS.h */ = {isa = PBXFileReference; lastKnownFileType = sourcecode.c.h; path = JKColors_macOS.h; sourceTree = "<group>"; };
		1D63B41A20D0EE3B002F8892 /* Info.plist */ = {isa = PBXFileReference; lastKnownFileType = text.plist.xml; path = Info.plist; sourceTree = "<group>"; };
		1D63B41F20D0EE3B002F8892 /* JKColors_macOSTests.xctest */ = {isa = PBXFileReference; explicitFileType = wrapper.cfbundle; includeInIndex = 0; path = JKColors_macOSTests.xctest; sourceTree = BUILT_PRODUCTS_DIR; };
		1D63B42420D0EE3B002F8892 /* JKColors_macOSTests.swift */ = {isa = PBXFileReference; lastKnownFileType = sourcecode.swift; path = JKColors_macOSTests.swift; sourceTree = "<group>"; };
		1D63B42620D0EE3B002F8892 /* Info.plist */ = {isa = PBXFileReference; lastKnownFileType = text.plist.xml; path = Info.plist; sourceTree = "<group>"; };
		1D63B42F20D14118002F8892 /* Nimble.framework */ = {isa = PBXFileReference; lastKnownFileType = wrapper.framework; name = Nimble.framework; path = Carthage/Build/iOS/Nimble.framework; sourceTree = "<group>"; };
		1D63B43020D14118002F8892 /* Quick.framework */ = {isa = PBXFileReference; lastKnownFileType = wrapper.framework; name = Quick.framework; path = Carthage/Build/iOS/Quick.framework; sourceTree = "<group>"; };
		1D63B43320D14131002F8892 /* Quick.framework */ = {isa = PBXFileReference; lastKnownFileType = wrapper.framework; name = Quick.framework; path = Carthage/Build/tvOS/Quick.framework; sourceTree = "<group>"; };
		1D63B43420D14131002F8892 /* Nimble.framework */ = {isa = PBXFileReference; lastKnownFileType = wrapper.framework; name = Nimble.framework; path = Carthage/Build/tvOS/Nimble.framework; sourceTree = "<group>"; };
		1D63B43720D14149002F8892 /* Nimble.framework */ = {isa = PBXFileReference; lastKnownFileType = wrapper.framework; name = Nimble.framework; path = Carthage/Build/Mac/Nimble.framework; sourceTree = "<group>"; };
		1D63B43820D14149002F8892 /* Quick.framework */ = {isa = PBXFileReference; lastKnownFileType = wrapper.framework; name = Quick.framework; path = Carthage/Build/Mac/Quick.framework; sourceTree = "<group>"; };
		931AD0181011314C4F7C0F00 /* UIColor+HexSupport.swift */ = {isa = PBXFileReference; fileEncoding = 4; lastKnownFileType = sourcecode.swift; path = "UIColor+HexSupport.swift"; sourceTree = "<group>"; };
		931AD054036722DD444BCB33 /* JKColorsTests.xctest */ = {isa = PBXFileReference; explicitFileType = wrapper.cfbundle; includeInIndex = 0; path = JKColorsTests.xctest; sourceTree = BUILT_PRODUCTS_DIR; };
		931AD31F86CE03AE82282AB8 /* JKColorsTests.swift */ = {isa = PBXFileReference; lastKnownFileType = sourcecode.swift; path = JKColorsTests.swift; sourceTree = "<group>"; };
		931AD6B0D3B00C77BEB6D3BC /* JKColors.framework */ = {isa = PBXFileReference; explicitFileType = wrapper.framework; includeInIndex = 0; path = JKColors.framework; sourceTree = BUILT_PRODUCTS_DIR; };
		931AD7ACAD20FCBA2E401F35 /* Info.plist */ = {isa = PBXFileReference; lastKnownFileType = text.plist.info; path = Info.plist; sourceTree = "<group>"; };
		931AD9B6DBCF1695824F302F /* NSColor+HexSupport.swift */ = {isa = PBXFileReference; fileEncoding = 4; lastKnownFileType = sourcecode.swift; path = "NSColor+HexSupport.swift"; sourceTree = "<group>"; };
		931ADA530468A0C65F8E05E0 /* JKColors.h */ = {isa = PBXFileReference; lastKnownFileType = sourcecode.c.h; path = JKColors.h; sourceTree = "<group>"; };
		931ADB4966C760EA1BCCA828 /* String+HexColorSupport.swift */ = {isa = PBXFileReference; fileEncoding = 4; lastKnownFileType = sourcecode.swift; path = "String+HexColorSupport.swift"; sourceTree = "<group>"; };
		931ADB7D709CBA5B088FA2B0 /* String+HexColorSupport.swift */ = {isa = PBXFileReference; fileEncoding = 4; lastKnownFileType = sourcecode.swift; path = "String+HexColorSupport.swift"; sourceTree = "<group>"; };
		931ADC0E26D069C452F6AF17 /* Info.plist */ = {isa = PBXFileReference; lastKnownFileType = text.plist.info; path = Info.plist; sourceTree = "<group>"; };
		931ADD4CB7ACA9A99BDB3FEB /* .swiftlint.yml */ = {isa = PBXFileReference; lastKnownFileType = file.yml; path = .swiftlint.yml; sourceTree = "<group>"; };
/* End PBXFileReference section */

/* Begin PBXFrameworksBuildPhase section */
		1D63B3EA20D0DEAA002F8892 /* Frameworks */ = {
			isa = PBXFrameworksBuildPhase;
			buildActionMask = 2147483647;
			files = (
			);
			runOnlyForDeploymentPostprocessing = 0;
		};
		1D63B3F720D0DFD9002F8892 /* Frameworks */ = {
			isa = PBXFrameworksBuildPhase;
			buildActionMask = 2147483647;
			files = (
			);
			runOnlyForDeploymentPostprocessing = 0;
		};
		1D63B40020D0DFDA002F8892 /* Frameworks */ = {
			isa = PBXFrameworksBuildPhase;
			buildActionMask = 2147483647;
			files = (
				1D63B43520D14131002F8892 /* Quick.framework in Frameworks */,
				1D63B43620D14131002F8892 /* Nimble.framework in Frameworks */,
				1D63B40420D0DFDA002F8892 /* JKColors_tvOS.framework in Frameworks */,
			);
			runOnlyForDeploymentPostprocessing = 0;
		};
		1D63B41320D0EE3B002F8892 /* Frameworks */ = {
			isa = PBXFrameworksBuildPhase;
			buildActionMask = 2147483647;
			files = (
			);
			runOnlyForDeploymentPostprocessing = 0;
		};
		1D63B41C20D0EE3B002F8892 /* Frameworks */ = {
			isa = PBXFrameworksBuildPhase;
			buildActionMask = 2147483647;
			files = (
				1D63B43920D14149002F8892 /* Nimble.framework in Frameworks */,
				1D63B43A20D14149002F8892 /* Quick.framework in Frameworks */,
				1D63B42020D0EE3B002F8892 /* JKColors_macOS.framework in Frameworks */,
			);
			runOnlyForDeploymentPostprocessing = 0;
		};
		931ADA760C76FC9F6F32EA66 /* Frameworks */ = {
			isa = PBXFrameworksBuildPhase;
			buildActionMask = 2147483647;
			files = (
			);
			runOnlyForDeploymentPostprocessing = 0;
		};
		931ADB6ED589E4A4B4A8EB43 /* Frameworks */ = {
			isa = PBXFrameworksBuildPhase;
			buildActionMask = 2147483647;
			files = (
				1D63B43120D14118002F8892 /* Nimble.framework in Frameworks */,
				1D63B43220D14118002F8892 /* Quick.framework in Frameworks */,
				931AD80ED9785526806CA914 /* JKColors.framework in Frameworks */,
			);
			runOnlyForDeploymentPostprocessing = 0;
		};
/* End PBXFrameworksBuildPhase section */

/* Begin PBXGroup section */
		1D63B3EF20D0DEAA002F8892 /* JKColors_watchOS */ = {
			isa = PBXGroup;
			children = (
				1D63B3F020D0DEAA002F8892 /* JKColors_watchOS.h */,
				1D63B3F120D0DEAA002F8892 /* Info.plist */,
			);
			path = JKColors_watchOS;
			sourceTree = "<group>";
		};
		1D63B3FC20D0DFDA002F8892 /* JKColors_tvOS */ = {
			isa = PBXGroup;
			children = (
				1D63B3FD20D0DFDA002F8892 /* JKColors_tvOS.h */,
				1D63B3FE20D0DFDA002F8892 /* Info.plist */,
			);
			path = JKColors_tvOS;
			sourceTree = "<group>";
		};
		1D63B40720D0DFDA002F8892 /* JKColors_tvOSTests */ = {
			isa = PBXGroup;
			children = (
				1D63B40820D0DFDA002F8892 /* JKColors_tvOSTests.swift */,
				1D63B40A20D0DFDA002F8892 /* Info.plist */,
			);
			path = JKColors_tvOSTests;
			sourceTree = "<group>";
		};
		1D63B41820D0EE3B002F8892 /* JKColors_macOS */ = {
			isa = PBXGroup;
			children = (
				1D63B41920D0EE3B002F8892 /* JKColors_macOS.h */,
				1D63B41A20D0EE3B002F8892 /* Info.plist */,
				931AD9B6DBCF1695824F302F /* NSColor+HexSupport.swift */,
				931ADB4966C760EA1BCCA828 /* String+HexColorSupport.swift */,
			);
			path = JKColors_macOS;
			sourceTree = "<group>";
		};
		1D63B42320D0EE3B002F8892 /* JKColors_macOSTests */ = {
			isa = PBXGroup;
			children = (
				1D63B42420D0EE3B002F8892 /* JKColors_macOSTests.swift */,
				1D63B42620D0EE3B002F8892 /* Info.plist */,
			);
			path = JKColors_macOSTests;
			sourceTree = "<group>";
		};
		1D63B42E20D14117002F8892 /* Frameworks */ = {
			isa = PBXGroup;
			children = (
				1D63B43720D14149002F8892 /* Nimble.framework */,
				1D63B43820D14149002F8892 /* Quick.framework */,
				1D63B43420D14131002F8892 /* Nimble.framework */,
				1D63B43320D14131002F8892 /* Quick.framework */,
				1D63B42F20D14118002F8892 /* Nimble.framework */,
				1D63B43020D14118002F8892 /* Quick.framework */,
			);
			name = Frameworks;
			sourceTree = "<group>";
		};
		931AD22D4FB74D5FE59BCF13 /* SharedTest */ = {
			isa = PBXGroup;
			children = (
			);
			path = SharedTest;
			sourceTree = "<group>";
		};
		931AD439D1A40F09707BAEEB /* JKColors */ = {
			isa = PBXGroup;
			children = (
				931ADC0E26D069C452F6AF17 /* Info.plist */,
				931ADA530468A0C65F8E05E0 /* JKColors.h */,
			);
			path = JKColors;
			sourceTree = "<group>";
		};
		931AD83875F3D7C592E57C54 /* Products */ = {
			isa = PBXGroup;
			children = (
				931AD6B0D3B00C77BEB6D3BC /* JKColors.framework */,
				931AD054036722DD444BCB33 /* JKColorsTests.xctest */,
				1D63B3EE20D0DEAA002F8892 /* JKColors_watchOS.framework */,
				1D63B3FB20D0DFD9002F8892 /* JKColors_tvOS.framework */,
				1D63B40320D0DFDA002F8892 /* JKColors_tvOSTests.xctest */,
				1D63B41720D0EE3B002F8892 /* JKColors_macOS.framework */,
				1D63B41F20D0EE3B002F8892 /* JKColors_macOSTests.xctest */,
			);
			name = Products;
			sourceTree = "<group>";
		};
		931ADA9F14A96F6885794D22 /* Shared */ = {
			isa = PBXGroup;
			children = (
				931ADB7D709CBA5B088FA2B0 /* String+HexColorSupport.swift */,
				931AD0181011314C4F7C0F00 /* UIColor+HexSupport.swift */,
			);
			path = Shared;
			sourceTree = "<group>";
		};
		931ADEA413431ADFD2415195 = {
			isa = PBXGroup;
			children = (
				1D63B3EF20D0DEAA002F8892 /* JKColors_watchOS */,
				1D63B3FC20D0DFDA002F8892 /* JKColors_tvOS */,
				1D63B40720D0DFDA002F8892 /* JKColors_tvOSTests */,
				1D63B41820D0EE3B002F8892 /* JKColors_macOS */,
				1D63B42320D0EE3B002F8892 /* JKColors_macOSTests */,
				931AD83875F3D7C592E57C54 /* Products */,
				931AD439D1A40F09707BAEEB /* JKColors */,
				931ADFAA3A195AF37AD87106 /* JKColorsTests */,
				931ADD4CB7ACA9A99BDB3FEB /* .swiftlint.yml */,
				931ADA9F14A96F6885794D22 /* Shared */,
				931AD22D4FB74D5FE59BCF13 /* SharedTest */,
				1D63B42E20D14117002F8892 /* Frameworks */,
			);
			sourceTree = "<group>";
		};
		931ADFAA3A195AF37AD87106 /* JKColorsTests */ = {
			isa = PBXGroup;
			children = (
				931AD7ACAD20FCBA2E401F35 /* Info.plist */,
				931AD31F86CE03AE82282AB8 /* JKColorsTests.swift */,
			);
			path = JKColorsTests;
			sourceTree = "<group>";
		};
/* End PBXGroup section */

/* Begin PBXHeadersBuildPhase section */
		1D63B3EB20D0DEAA002F8892 /* Headers */ = {
			isa = PBXHeadersBuildPhase;
			buildActionMask = 2147483647;
			files = (
				1D63B3F220D0DEAA002F8892 /* JKColors_watchOS.h in Headers */,
			);
			runOnlyForDeploymentPostprocessing = 0;
		};
		1D63B3F820D0DFD9002F8892 /* Headers */ = {
			isa = PBXHeadersBuildPhase;
			buildActionMask = 2147483647;
			files = (
				1D63B40B20D0DFDA002F8892 /* JKColors_tvOS.h in Headers */,
			);
			runOnlyForDeploymentPostprocessing = 0;
		};
		1D63B41420D0EE3B002F8892 /* Headers */ = {
			isa = PBXHeadersBuildPhase;
			buildActionMask = 2147483647;
			files = (
				1D63B42720D0EE3B002F8892 /* JKColors_macOS.h in Headers */,
			);
			runOnlyForDeploymentPostprocessing = 0;
		};
		931AD413870096271EACC7D9 /* Headers */ = {
			isa = PBXHeadersBuildPhase;
			buildActionMask = 2147483647;
			files = (
				931ADB7C079EE00A295946CA /* JKColors.h in Headers */,
			);
			runOnlyForDeploymentPostprocessing = 0;
		};
/* End PBXHeadersBuildPhase section */

/* Begin PBXNativeTarget section */
		1D63B3ED20D0DEAA002F8892 /* JKColors_watchOS */ = {
			isa = PBXNativeTarget;
			buildConfigurationList = 1D63B3F520D0DEAA002F8892 /* Build configuration list for PBXNativeTarget "JKColors_watchOS" */;
			buildPhases = (
				1D63B3E920D0DEAA002F8892 /* Sources */,
				1D63B3EA20D0DEAA002F8892 /* Frameworks */,
				1D63B3EB20D0DEAA002F8892 /* Headers */,
				1D63B3EC20D0DEAA002F8892 /* Resources */,
			);
			buildRules = (
			);
			dependencies = (
			);
			name = JKColors_watchOS;
			productName = JKColors_watchOS;
			productReference = 1D63B3EE20D0DEAA002F8892 /* JKColors_watchOS.framework */;
			productType = "com.apple.product-type.framework";
		};
		1D63B3FA20D0DFD9002F8892 /* JKColors_tvOS */ = {
			isa = PBXNativeTarget;
			buildConfigurationList = 1D63B41020D0DFDA002F8892 /* Build configuration list for PBXNativeTarget "JKColors_tvOS" */;
			buildPhases = (
				1D63B3F620D0DFD9002F8892 /* Sources */,
				1D63B3F720D0DFD9002F8892 /* Frameworks */,
				1D63B3F820D0DFD9002F8892 /* Headers */,
				1D63B3F920D0DFD9002F8892 /* Resources */,
			);
			buildRules = (
			);
			dependencies = (
			);
			name = JKColors_tvOS;
			productName = JKColors_tvOS;
			productReference = 1D63B3FB20D0DFD9002F8892 /* JKColors_tvOS.framework */;
			productType = "com.apple.product-type.framework";
		};
		1D63B40220D0DFDA002F8892 /* JKColors_tvOSTests */ = {
			isa = PBXNativeTarget;
			buildConfigurationList = 1D63B41120D0DFDA002F8892 /* Build configuration list for PBXNativeTarget "JKColors_tvOSTests" */;
			buildPhases = (
				1D63B3FF20D0DFDA002F8892 /* Sources */,
				1D63B40020D0DFDA002F8892 /* Frameworks */,
				1D63B40120D0DFDA002F8892 /* Resources */,
			);
			buildRules = (
			);
			dependencies = (
				1D63B40620D0DFDA002F8892 /* PBXTargetDependency */,
			);
			name = JKColors_tvOSTests;
			productName = JKColors_tvOSTests;
			productReference = 1D63B40320D0DFDA002F8892 /* JKColors_tvOSTests.xctest */;
			productType = "com.apple.product-type.bundle.unit-test";
		};
		1D63B41620D0EE3B002F8892 /* JKColors_macOS */ = {
			isa = PBXNativeTarget;
			buildConfigurationList = 1D63B42820D0EE3B002F8892 /* Build configuration list for PBXNativeTarget "JKColors_macOS" */;
			buildPhases = (
				1D63B41220D0EE3B002F8892 /* Sources */,
				1D63B41320D0EE3B002F8892 /* Frameworks */,
				1D63B41420D0EE3B002F8892 /* Headers */,
				1D63B41520D0EE3B002F8892 /* Resources */,
			);
			buildRules = (
			);
			dependencies = (
			);
			name = JKColors_macOS;
			productName = JKColors_macOS;
			productReference = 1D63B41720D0EE3B002F8892 /* JKColors_macOS.framework */;
			productType = "com.apple.product-type.framework";
		};
		1D63B41E20D0EE3B002F8892 /* JKColors_macOSTests */ = {
			isa = PBXNativeTarget;
			buildConfigurationList = 1D63B42B20D0EE3B002F8892 /* Build configuration list for PBXNativeTarget "JKColors_macOSTests" */;
			buildPhases = (
				1D63B41B20D0EE3B002F8892 /* Sources */,
				1D63B41C20D0EE3B002F8892 /* Frameworks */,
				1D63B41D20D0EE3B002F8892 /* Resources */,
			);
			buildRules = (
			);
			dependencies = (
				1D63B42220D0EE3B002F8892 /* PBXTargetDependency */,
			);
			name = JKColors_macOSTests;
			productName = JKColors_macOSTests;
			productReference = 1D63B41F20D0EE3B002F8892 /* JKColors_macOSTests.xctest */;
			productType = "com.apple.product-type.bundle.unit-test";
		};
		931AD99171E8469383BC9099 /* JKColors */ = {
			isa = PBXNativeTarget;
			buildConfigurationList = 931ADFBF81479D2A56C0C950 /* Build configuration list for PBXNativeTarget "JKColors" */;
			buildPhases = (
				931AD169674AD67ED7929FB5 /* Sources */,
				931ADA760C76FC9F6F32EA66 /* Frameworks */,
				931AD413870096271EACC7D9 /* Headers */,
				931AD7BBCDA04D895EBC513D /* Resources */,
			);
			buildRules = (
			);
			dependencies = (
			);
			name = JKColors;
			productName = JKColors;
			productReference = 931AD6B0D3B00C77BEB6D3BC /* JKColors.framework */;
			productType = "com.apple.product-type.framework";
		};
		931ADDB2628186DC08C32C0D /* JKColorsTests */ = {
			isa = PBXNativeTarget;
			buildConfigurationList = 931ADC533E3EFF665EB5CF67 /* Build configuration list for PBXNativeTarget "JKColorsTests" */;
			buildPhases = (
				931AD0DF8402AAA11F702178 /* Sources */,
				931ADB6ED589E4A4B4A8EB43 /* Frameworks */,
				931ADB980609489576927329 /* Resources */,
			);
			buildRules = (
			);
			dependencies = (
				931AD31C66EBA2E4F1D982DA /* PBXTargetDependency */,
			);
			name = JKColorsTests;
			productName = JKColorsTests;
			productReference = 931AD054036722DD444BCB33 /* JKColorsTests.xctest */;
			productType = "com.apple.product-type.bundle.unit-test";
		};
/* End PBXNativeTarget section */

/* Begin PBXProject section */
		931ADD6ECC443AE41C580EFC /* Project object */ = {
			isa = PBXProject;
			attributes = {
				LastSwiftUpdateCheck = 0940;
				LastUpgradeCheck = 0940;
				ORGANIZATIONNAME = "Jan Kaše";
				TargetAttributes = {
					1D63B3ED20D0DEAA002F8892 = {
						CreatedOnToolsVersion = 9.4;
						ProvisioningStyle = Manual;
					};
					1D63B3FA20D0DFD9002F8892 = {
						CreatedOnToolsVersion = 9.4;
						DevelopmentTeam = 8WS8N285FL;
						ProvisioningStyle = Automatic;
					};
					1D63B40220D0DFDA002F8892 = {
						CreatedOnToolsVersion = 9.4;
						DevelopmentTeam = 8WS8N285FL;
						ProvisioningStyle = Automatic;
					};
					1D63B41620D0EE3B002F8892 = {
						CreatedOnToolsVersion = 9.4;
						ProvisioningStyle = Manual;
					};
					1D63B41E20D0EE3B002F8892 = {
						CreatedOnToolsVersion = 9.4;
						DevelopmentTeam = 8WS8N285FL;
						ProvisioningStyle = Automatic;
					};
					931ADDB2628186DC08C32C0D = {
						DevelopmentTeam = 8WS8N285FL;
					};
				};
			};
			buildConfigurationList = 931ADCE988D81BD1E5611718 /* Build configuration list for PBXProject "JKColors" */;
			compatibilityVersion = "Xcode 3.2";
			developmentRegion = English;
			hasScannedForEncodings = 0;
			knownRegions = (
				en,
			);
			mainGroup = 931ADEA413431ADFD2415195;
			productRefGroup = 931AD83875F3D7C592E57C54 /* Products */;
			projectDirPath = "";
			projectRoot = "";
			targets = (
				931AD99171E8469383BC9099 /* JKColors */,
				1D63B3ED20D0DEAA002F8892 /* JKColors_watchOS */,
				1D63B3FA20D0DFD9002F8892 /* JKColors_tvOS */,
				1D63B41620D0EE3B002F8892 /* JKColors_macOS */,
				931ADDB2628186DC08C32C0D /* JKColorsTests */,
				1D63B40220D0DFDA002F8892 /* JKColors_tvOSTests */,
				1D63B41E20D0EE3B002F8892 /* JKColors_macOSTests */,
			);
		};
/* End PBXProject section */

/* Begin PBXResourcesBuildPhase section */
		1D63B3EC20D0DEAA002F8892 /* Resources */ = {
			isa = PBXResourcesBuildPhase;
			buildActionMask = 2147483647;
			files = (
			);
			runOnlyForDeploymentPostprocessing = 0;
		};
		1D63B3F920D0DFD9002F8892 /* Resources */ = {
			isa = PBXResourcesBuildPhase;
			buildActionMask = 2147483647;
			files = (
			);
			runOnlyForDeploymentPostprocessing = 0;
		};
		1D63B40120D0DFDA002F8892 /* Resources */ = {
			isa = PBXResourcesBuildPhase;
			buildActionMask = 2147483647;
			files = (
			);
			runOnlyForDeploymentPostprocessing = 0;
		};
		1D63B41520D0EE3B002F8892 /* Resources */ = {
			isa = PBXResourcesBuildPhase;
			buildActionMask = 2147483647;
			files = (
			);
			runOnlyForDeploymentPostprocessing = 0;
		};
		1D63B41D20D0EE3B002F8892 /* Resources */ = {
			isa = PBXResourcesBuildPhase;
			buildActionMask = 2147483647;
			files = (
			);
			runOnlyForDeploymentPostprocessing = 0;
		};
		931AD7BBCDA04D895EBC513D /* Resources */ = {
			isa = PBXResourcesBuildPhase;
			buildActionMask = 2147483647;
			files = (
				931AD55CEBCFBD666D113A73 /* .swiftlint.yml in Resources */,
			);
			runOnlyForDeploymentPostprocessing = 0;
		};
		931ADB980609489576927329 /* Resources */ = {
			isa = PBXResourcesBuildPhase;
			buildActionMask = 2147483647;
			files = (
			);
			runOnlyForDeploymentPostprocessing = 0;
		};
/* End PBXResourcesBuildPhase section */

/* Begin PBXSourcesBuildPhase section */
		1D63B3E920D0DEAA002F8892 /* Sources */ = {
			isa = PBXSourcesBuildPhase;
			buildActionMask = 2147483647;
			files = (
				931ADD12C0688423539563E8 /* String+HexColorSupport.swift in Sources */,
				931AD81B292063F3F046093A /* UIColor+HexSupport.swift in Sources */,
			);
			runOnlyForDeploymentPostprocessing = 0;
		};
		1D63B3F620D0DFD9002F8892 /* Sources */ = {
			isa = PBXSourcesBuildPhase;
			buildActionMask = 2147483647;
			files = (
				931ADC3B2FFF663425A22035 /* String+HexColorSupport.swift in Sources */,
				931AD995A8A9B4736783EDA2 /* UIColor+HexSupport.swift in Sources */,
			);
			runOnlyForDeploymentPostprocessing = 0;
		};
		1D63B3FF20D0DFDA002F8892 /* Sources */ = {
			isa = PBXSourcesBuildPhase;
			buildActionMask = 2147483647;
			files = (
				1D63B40920D0DFDA002F8892 /* JKColors_tvOSTests.swift in Sources */,
			);
			runOnlyForDeploymentPostprocessing = 0;
		};
		1D63B41220D0EE3B002F8892 /* Sources */ = {
			isa = PBXSourcesBuildPhase;
			buildActionMask = 2147483647;
			files = (
				931ADBC602B86E0617EC19B3 /* NSColor+HexSupport.swift in Sources */,
				931ADD6C0F4E0D0B4DEE5797 /* String+HexColorSupport.swift in Sources */,
			);
			runOnlyForDeploymentPostprocessing = 0;
		};
		1D63B41B20D0EE3B002F8892 /* Sources */ = {
			isa = PBXSourcesBuildPhase;
			buildActionMask = 2147483647;
			files = (
				1D63B42520D0EE3B002F8892 /* JKColors_macOSTests.swift in Sources */,
			);
			runOnlyForDeploymentPostprocessing = 0;
		};
		931AD0DF8402AAA11F702178 /* Sources */ = {
			isa = PBXSourcesBuildPhase;
			buildActionMask = 2147483647;
			files = (
				931AD76CCF0816CBB03D3A48 /* JKColorsTests.swift in Sources */,
			);
			runOnlyForDeploymentPostprocessing = 0;
		};
		931AD169674AD67ED7929FB5 /* Sources */ = {
			isa = PBXSourcesBuildPhase;
			buildActionMask = 2147483647;
			files = (
				931ADD19A55543F79EB27DD1 /* String+HexColorSupport.swift in Sources */,
				931AD2150E0792F5B6DD2C6C /* UIColor+HexSupport.swift in Sources */,
			);
			runOnlyForDeploymentPostprocessing = 0;
		};
/* End PBXSourcesBuildPhase section */

/* Begin PBXTargetDependency section */
		1D63B40620D0DFDA002F8892 /* PBXTargetDependency */ = {
			isa = PBXTargetDependency;
			target = 1D63B3FA20D0DFD9002F8892 /* JKColors_tvOS */;
			targetProxy = 1D63B40520D0DFDA002F8892 /* PBXContainerItemProxy */;
		};
		1D63B42220D0EE3B002F8892 /* PBXTargetDependency */ = {
			isa = PBXTargetDependency;
			target = 1D63B41620D0EE3B002F8892 /* JKColors_macOS */;
			targetProxy = 1D63B42120D0EE3B002F8892 /* PBXContainerItemProxy */;
		};
		931AD31C66EBA2E4F1D982DA /* PBXTargetDependency */ = {
			isa = PBXTargetDependency;
			target = 931AD99171E8469383BC9099 /* JKColors */;
			targetProxy = 931ADB39B16D1E87C52E5FA7 /* PBXContainerItemProxy */;
		};
/* End PBXTargetDependency section */

/* Begin XCBuildConfiguration section */
		1D63B3F320D0DEAA002F8892 /* Debug */ = {
			isa = XCBuildConfiguration;
			buildSettings = {
				APPLICATION_EXTENSION_API_ONLY = YES;
				CODE_SIGN_IDENTITY = "";
				CODE_SIGN_STYLE = Manual;
				DEFINES_MODULE = YES;
				DEVELOPMENT_TEAM = "";
				DYLIB_COMPATIBILITY_VERSION = 1;
				DYLIB_CURRENT_VERSION = 1;
				DYLIB_INSTALL_NAME_BASE = "@rpath";
				INFOPLIST_FILE = JKColors_watchOS/Info.plist;
				INSTALL_PATH = "$(LOCAL_LIBRARY_DIR)/Frameworks";
				LD_RUNPATH_SEARCH_PATHS = "$(inherited) @executable_path/Frameworks @loader_path/Frameworks";
				PRODUCT_BUNDLE_IDENTIFIER = "eu.jkdev.JKColors-watchOS";
				PRODUCT_NAME = "$(TARGET_NAME:c99extidentifier)";
				PROVISIONING_PROFILE_SPECIFIER = "";
				SDKROOT = watchos;
				SKIP_INSTALL = YES;
				SWIFT_VERSION = 4.0;
				TARGETED_DEVICE_FAMILY = 4;
				WATCHOS_DEPLOYMENT_TARGET = 3.0;
			};
			name = Debug;
		};
		1D63B3F420D0DEAA002F8892 /* Release */ = {
			isa = XCBuildConfiguration;
			buildSettings = {
				APPLICATION_EXTENSION_API_ONLY = YES;
				CODE_SIGN_IDENTITY = "";
				CODE_SIGN_STYLE = Manual;
				DEFINES_MODULE = YES;
				DEVELOPMENT_TEAM = "";
				DYLIB_COMPATIBILITY_VERSION = 1;
				DYLIB_CURRENT_VERSION = 1;
				DYLIB_INSTALL_NAME_BASE = "@rpath";
				INFOPLIST_FILE = JKColors_watchOS/Info.plist;
				INSTALL_PATH = "$(LOCAL_LIBRARY_DIR)/Frameworks";
				LD_RUNPATH_SEARCH_PATHS = "$(inherited) @executable_path/Frameworks @loader_path/Frameworks";
				PRODUCT_BUNDLE_IDENTIFIER = "eu.jkdev.JKColors-watchOS";
				PRODUCT_NAME = "$(TARGET_NAME:c99extidentifier)";
				PROVISIONING_PROFILE_SPECIFIER = "";
				SDKROOT = watchos;
				SKIP_INSTALL = YES;
				SWIFT_VERSION = 4.0;
				TARGETED_DEVICE_FAMILY = 4;
				WATCHOS_DEPLOYMENT_TARGET = 3.0;
			};
			name = Release;
		};
		1D63B40C20D0DFDA002F8892 /* Debug */ = {
			isa = XCBuildConfiguration;
			buildSettings = {
				CODE_SIGN_IDENTITY = "";
				CODE_SIGN_STYLE = Automatic;
				DEFINES_MODULE = YES;
				DEVELOPMENT_TEAM = 8WS8N285FL;
				DYLIB_COMPATIBILITY_VERSION = 1;
				DYLIB_CURRENT_VERSION = 1;
				DYLIB_INSTALL_NAME_BASE = "@rpath";
				INFOPLIST_FILE = JKColors_tvOS/Info.plist;
				INSTALL_PATH = "$(LOCAL_LIBRARY_DIR)/Frameworks";
				LD_RUNPATH_SEARCH_PATHS = "$(inherited) @executable_path/Frameworks @loader_path/Frameworks";
				PRODUCT_BUNDLE_IDENTIFIER = "eu.jkdev.JKColors-tvOS";
				PRODUCT_NAME = "$(TARGET_NAME:c99extidentifier)";
				SDKROOT = appletvos;
				SKIP_INSTALL = YES;
				SWIFT_VERSION = 4.0;
				TARGETED_DEVICE_FAMILY = 3;
				TVOS_DEPLOYMENT_TARGET = 11.4;
			};
			name = Debug;
		};
		1D63B40D20D0DFDA002F8892 /* Release */ = {
			isa = XCBuildConfiguration;
			buildSettings = {
				CODE_SIGN_IDENTITY = "";
				CODE_SIGN_STYLE = Automatic;
				DEFINES_MODULE = YES;
				DEVELOPMENT_TEAM = 8WS8N285FL;
				DYLIB_COMPATIBILITY_VERSION = 1;
				DYLIB_CURRENT_VERSION = 1;
				DYLIB_INSTALL_NAME_BASE = "@rpath";
				INFOPLIST_FILE = JKColors_tvOS/Info.plist;
				INSTALL_PATH = "$(LOCAL_LIBRARY_DIR)/Frameworks";
				LD_RUNPATH_SEARCH_PATHS = "$(inherited) @executable_path/Frameworks @loader_path/Frameworks";
				PRODUCT_BUNDLE_IDENTIFIER = "eu.jkdev.JKColors-tvOS";
				PRODUCT_NAME = "$(TARGET_NAME:c99extidentifier)";
				SDKROOT = appletvos;
				SKIP_INSTALL = YES;
				SWIFT_VERSION = 4.0;
				TARGETED_DEVICE_FAMILY = 3;
				TVOS_DEPLOYMENT_TARGET = 11.4;
			};
			name = Release;
		};
		1D63B40E20D0DFDA002F8892 /* Debug */ = {
			isa = XCBuildConfiguration;
			buildSettings = {
				CODE_SIGN_STYLE = Automatic;
				DEVELOPMENT_TEAM = 8WS8N285FL;
				FRAMEWORK_SEARCH_PATHS = (
					"$(inherited)",
					"$(PROJECT_DIR)/Carthage/Build/tvOS",
				);
				INFOPLIST_FILE = JKColors_tvOSTests/Info.plist;
				LD_RUNPATH_SEARCH_PATHS = "$(inherited) @executable_path/Frameworks @loader_path/Frameworks";
				PRODUCT_BUNDLE_IDENTIFIER = "eu.jkdev.JKColors-tvOSTests";
				PRODUCT_MODULE_NAME = "$(TARGET_NAME:c99extidentifier)";
				PRODUCT_NAME = "$(TARGET_NAME)";
				SDKROOT = appletvos;
				SWIFT_VERSION = 4.0;
				TARGETED_DEVICE_FAMILY = 3;
				TVOS_DEPLOYMENT_TARGET = 11.4;
			};
			name = Debug;
		};
		1D63B40F20D0DFDA002F8892 /* Release */ = {
			isa = XCBuildConfiguration;
			buildSettings = {
				CODE_SIGN_STYLE = Automatic;
				DEVELOPMENT_TEAM = 8WS8N285FL;
				FRAMEWORK_SEARCH_PATHS = (
					"$(inherited)",
					"$(PROJECT_DIR)/Carthage/Build/tvOS",
				);
				INFOPLIST_FILE = JKColors_tvOSTests/Info.plist;
				LD_RUNPATH_SEARCH_PATHS = "$(inherited) @executable_path/Frameworks @loader_path/Frameworks";
				PRODUCT_BUNDLE_IDENTIFIER = "eu.jkdev.JKColors-tvOSTests";
				PRODUCT_MODULE_NAME = "$(TARGET_NAME:c99extidentifier)";
				PRODUCT_NAME = "$(TARGET_NAME)";
				SDKROOT = appletvos;
				SWIFT_VERSION = 4.0;
				TARGETED_DEVICE_FAMILY = 3;
				TVOS_DEPLOYMENT_TARGET = 11.4;
			};
			name = Release;
		};
		1D63B42920D0EE3B002F8892 /* Debug */ = {
			isa = XCBuildConfiguration;
			buildSettings = {
				CODE_SIGN_IDENTITY = "";
				CODE_SIGN_STYLE = Manual;
				COMBINE_HIDPI_IMAGES = YES;
				DEFINES_MODULE = YES;
				DEVELOPMENT_TEAM = "";
				DYLIB_COMPATIBILITY_VERSION = 1;
				DYLIB_CURRENT_VERSION = 1;
				DYLIB_INSTALL_NAME_BASE = "@rpath";
				FRAMEWORK_VERSION = A;
				INFOPLIST_FILE = JKColors_macOS/Info.plist;
				INSTALL_PATH = "$(LOCAL_LIBRARY_DIR)/Frameworks";
				LD_RUNPATH_SEARCH_PATHS = "$(inherited) @executable_path/../Frameworks @loader_path/Frameworks";
				MACOSX_DEPLOYMENT_TARGET = 10.10;
				PRODUCT_BUNDLE_IDENTIFIER = "eu.jkdev.JKColors-macOS";
				PRODUCT_NAME = "$(TARGET_NAME:c99extidentifier)";
				PROVISIONING_PROFILE_SPECIFIER = "";
				SDKROOT = macosx;
				SKIP_INSTALL = YES;
				SWIFT_VERSION = 4.0;
			};
			name = Debug;
		};
		1D63B42A20D0EE3B002F8892 /* Release */ = {
			isa = XCBuildConfiguration;
			buildSettings = {
				CODE_SIGN_IDENTITY = "";
				CODE_SIGN_STYLE = Manual;
				COMBINE_HIDPI_IMAGES = YES;
				DEFINES_MODULE = YES;
				DEVELOPMENT_TEAM = "";
				DYLIB_COMPATIBILITY_VERSION = 1;
				DYLIB_CURRENT_VERSION = 1;
				DYLIB_INSTALL_NAME_BASE = "@rpath";
				FRAMEWORK_VERSION = A;
				INFOPLIST_FILE = JKColors_macOS/Info.plist;
				INSTALL_PATH = "$(LOCAL_LIBRARY_DIR)/Frameworks";
				LD_RUNPATH_SEARCH_PATHS = "$(inherited) @executable_path/../Frameworks @loader_path/Frameworks";
				MACOSX_DEPLOYMENT_TARGET = 10.10;
				PRODUCT_BUNDLE_IDENTIFIER = "eu.jkdev.JKColors-macOS";
				PRODUCT_NAME = "$(TARGET_NAME:c99extidentifier)";
				PROVISIONING_PROFILE_SPECIFIER = "";
				SDKROOT = macosx;
				SKIP_INSTALL = YES;
				SWIFT_VERSION = 4.0;
			};
			name = Release;
		};
		1D63B42C20D0EE3B002F8892 /* Debug */ = {
			isa = XCBuildConfiguration;
			buildSettings = {
				CODE_SIGN_IDENTITY = "Mac Developer";
				CODE_SIGN_STYLE = Automatic;
				COMBINE_HIDPI_IMAGES = YES;
				DEVELOPMENT_TEAM = 8WS8N285FL;
				FRAMEWORK_SEARCH_PATHS = (
					"$(inherited)",
					"$(PROJECT_DIR)/Carthage/Build/Mac",
				);
				INFOPLIST_FILE = JKColors_macOSTests/Info.plist;
				LD_RUNPATH_SEARCH_PATHS = "$(inherited) @executable_path/../Frameworks @loader_path/../Frameworks";
				MACOSX_DEPLOYMENT_TARGET = 10.13;
				PRODUCT_BUNDLE_IDENTIFIER = "eu.jkdev.JKColors-macOSTests";
				PRODUCT_MODULE_NAME = "$(TARGET_NAME:c99extidentifier)";
				PRODUCT_NAME = "$(TARGET_NAME)";
				SDKROOT = macosx;
				SWIFT_VERSION = 4.0;
			};
			name = Debug;
		};
		1D63B42D20D0EE3B002F8892 /* Release */ = {
			isa = XCBuildConfiguration;
			buildSettings = {
				CODE_SIGN_IDENTITY = "Mac Developer";
				CODE_SIGN_STYLE = Automatic;
				COMBINE_HIDPI_IMAGES = YES;
				DEVELOPMENT_TEAM = 8WS8N285FL;
				FRAMEWORK_SEARCH_PATHS = (
					"$(inherited)",
					"$(PROJECT_DIR)/Carthage/Build/Mac",
				);
				INFOPLIST_FILE = JKColors_macOSTests/Info.plist;
				LD_RUNPATH_SEARCH_PATHS = "$(inherited) @executable_path/../Frameworks @loader_path/../Frameworks";
				MACOSX_DEPLOYMENT_TARGET = 10.13;
				PRODUCT_BUNDLE_IDENTIFIER = "eu.jkdev.JKColors-macOSTests";
				PRODUCT_MODULE_NAME = "$(TARGET_NAME:c99extidentifier)";
				PRODUCT_NAME = "$(TARGET_NAME)";
				SDKROOT = macosx;
				SWIFT_VERSION = 4.0;
			};
			name = Release;
		};
		931AD050F91325D98BAE6C81 /* Release */ = {
			isa = XCBuildConfiguration;
			buildSettings = {
				ALWAYS_SEARCH_USER_PATHS = NO;
				CLANG_ANALYZER_NONNULL = YES;
				CLANG_ANALYZER_NUMBER_OBJECT_CONVERSION = YES_AGGRESSIVE;
				CLANG_CXX_LANGUAGE_STANDARD = "gnu++14";
				CLANG_CXX_LIBRARY = "libc++";
				CLANG_ENABLE_MODULES = YES;
				CLANG_ENABLE_OBJC_ARC = YES;
				CLANG_ENABLE_OBJC_WEAK = YES;
				CLANG_WARN_BLOCK_CAPTURE_AUTORELEASING = YES;
				CLANG_WARN_BOOL_CONVERSION = YES;
				CLANG_WARN_COMMA = YES;
				CLANG_WARN_CONSTANT_CONVERSION = YES;
				CLANG_WARN_DEPRECATED_OBJC_IMPLEMENTATIONS = YES;
				CLANG_WARN_DIRECT_OBJC_ISA_USAGE = YES_ERROR;
				CLANG_WARN_DOCUMENTATION_COMMENTS = YES;
				CLANG_WARN_EMPTY_BODY = YES;
				CLANG_WARN_ENUM_CONVERSION = YES;
				CLANG_WARN_INFINITE_RECURSION = YES;
				CLANG_WARN_INT_CONVERSION = YES;
				CLANG_WARN_NON_LITERAL_NULL_CONVERSION = YES;
				CLANG_WARN_OBJC_IMPLICIT_RETAIN_SELF = YES;
				CLANG_WARN_OBJC_LITERAL_CONVERSION = YES;
				CLANG_WARN_OBJC_ROOT_CLASS = YES_ERROR;
				CLANG_WARN_RANGE_LOOP_ANALYSIS = YES;
				CLANG_WARN_STRICT_PROTOTYPES = YES;
				CLANG_WARN_SUSPICIOUS_MOVE = YES;
				CLANG_WARN_UNGUARDED_AVAILABILITY = YES_AGGRESSIVE;
				CLANG_WARN_UNREACHABLE_CODE = YES;
				CLANG_WARN__DUPLICATE_METHOD_MATCH = YES;
				CODE_SIGN_IDENTITY = "iPhone Developer";
				COPY_PHASE_STRIP = NO;
				CURRENT_PROJECT_VERSION = 1;
				DEBUG_INFORMATION_FORMAT = "dwarf-with-dsym";
				ENABLE_NS_ASSERTIONS = NO;
				ENABLE_STRICT_OBJC_MSGSEND = YES;
				GCC_C_LANGUAGE_STANDARD = gnu11;
				GCC_NO_COMMON_BLOCKS = YES;
				GCC_WARN_64_TO_32_BIT_CONVERSION = YES;
				GCC_WARN_ABOUT_RETURN_TYPE = YES_ERROR;
				GCC_WARN_UNDECLARED_SELECTOR = YES;
				GCC_WARN_UNINITIALIZED_AUTOS = YES_AGGRESSIVE;
				GCC_WARN_UNUSED_FUNCTION = YES;
				GCC_WARN_UNUSED_VARIABLE = YES;
				IPHONEOS_DEPLOYMENT_TARGET = 10.0;
				MTL_ENABLE_DEBUG_INFO = NO;
				PRODUCT_MODULE_NAME = JKColors;
				SDKROOT = iphoneos;
				SWIFT_OPTIMIZATION_LEVEL = "-Owholemodule";
				VALIDATE_PRODUCT = YES;
				VERSIONING_SYSTEM = "apple-generic";
				VERSION_INFO_PREFIX = "";
			};
			name = Release;
		};
		931AD21B0DD4D9183F46040A /* Release */ = {
			isa = XCBuildConfiguration;
			buildSettings = {
				DEVELOPMENT_TEAM = 8WS8N285FL;
				FRAMEWORK_SEARCH_PATHS = (
					"$(inherited)",
					"$(PROJECT_DIR)/Carthage/Build/iOS",
				);
				INFOPLIST_FILE = JKColorsTests/Info.plist;
				LD_RUNPATH_SEARCH_PATHS = "$(inherited) @executable_path/Frameworks @loader_path/Frameworks";
				PRODUCT_BUNDLE_IDENTIFIER = eu.jkdev.JKColorsTests;
				PRODUCT_MODULE_NAME = "$(TARGET_NAME:c99extidentifier)";
				PRODUCT_NAME = "$(TARGET_NAME)";
				SWIFT_VERSION = 4.0;
				TARGETED_DEVICE_FAMILY = "1,2";
			};
			name = Release;
		};
		931AD3E0505A4F444EF84414 /* Debug */ = {
			isa = XCBuildConfiguration;
			buildSettings = {
				DEVELOPMENT_TEAM = 8WS8N285FL;
				FRAMEWORK_SEARCH_PATHS = (
					"$(inherited)",
					"$(PROJECT_DIR)/Carthage/Build/iOS",
				);
				INFOPLIST_FILE = JKColorsTests/Info.plist;
				LD_RUNPATH_SEARCH_PATHS = "$(inherited) @executable_path/Frameworks @loader_path/Frameworks";
				PRODUCT_BUNDLE_IDENTIFIER = eu.jkdev.JKColorsTests;
				PRODUCT_MODULE_NAME = "$(TARGET_NAME:c99extidentifier)";
				PRODUCT_NAME = "$(TARGET_NAME)";
				SWIFT_VERSION = 4.0;
				TARGETED_DEVICE_FAMILY = "1,2";
			};
			name = Debug;
		};
		931AD43F45F7D399F6E2E760 /* Debug */ = {
			isa = XCBuildConfiguration;
			buildSettings = {
				CODE_SIGN_IDENTITY = "";
				DEFINES_MODULE = YES;
				DYLIB_COMPATIBILITY_VERSION = 1;
				DYLIB_CURRENT_VERSION = 1;
				DYLIB_INSTALL_NAME_BASE = "@rpath";
				INFOPLIST_FILE = JKColors/Info.plist;
				INSTALL_PATH = "$(LOCAL_LIBRARY_DIR)/Frameworks";
				LD_RUNPATH_SEARCH_PATHS = "$(inherited) @executable_path/Frameworks @loader_path/Frameworks";
				PRODUCT_BUNDLE_IDENTIFIER = eu.jkdev.JKColors;
				PRODUCT_NAME = "$(TARGET_NAME:c99extidentifier)";
				SKIP_INSTALL = YES;
				SWIFT_VERSION = 4.0;
				TARGETED_DEVICE_FAMILY = "1,2";
			};
			name = Debug;
		};
		931AD6D5F371D1A727CEBAF1 /* Debug */ = {
			isa = XCBuildConfiguration;
			buildSettings = {
				ALWAYS_SEARCH_USER_PATHS = NO;
				CLANG_ANALYZER_NONNULL = YES;
				CLANG_ANALYZER_NUMBER_OBJECT_CONVERSION = YES_AGGRESSIVE;
				CLANG_CXX_LANGUAGE_STANDARD = "gnu++14";
				CLANG_CXX_LIBRARY = "libc++";
				CLANG_ENABLE_MODULES = YES;
				CLANG_ENABLE_OBJC_ARC = YES;
				CLANG_ENABLE_OBJC_WEAK = YES;
				CLANG_WARN_BLOCK_CAPTURE_AUTORELEASING = YES;
				CLANG_WARN_BOOL_CONVERSION = YES;
				CLANG_WARN_COMMA = YES;
				CLANG_WARN_CONSTANT_CONVERSION = YES;
				CLANG_WARN_DEPRECATED_OBJC_IMPLEMENTATIONS = YES;
				CLANG_WARN_DIRECT_OBJC_ISA_USAGE = YES_ERROR;
				CLANG_WARN_DOCUMENTATION_COMMENTS = YES;
				CLANG_WARN_EMPTY_BODY = YES;
				CLANG_WARN_ENUM_CONVERSION = YES;
				CLANG_WARN_INFINITE_RECURSION = YES;
				CLANG_WARN_INT_CONVERSION = YES;
				CLANG_WARN_NON_LITERAL_NULL_CONVERSION = YES;
				CLANG_WARN_OBJC_IMPLICIT_RETAIN_SELF = YES;
				CLANG_WARN_OBJC_LITERAL_CONVERSION = YES;
				CLANG_WARN_OBJC_ROOT_CLASS = YES_ERROR;
				CLANG_WARN_RANGE_LOOP_ANALYSIS = YES;
				CLANG_WARN_STRICT_PROTOTYPES = YES;
				CLANG_WARN_SUSPICIOUS_MOVE = YES;
				CLANG_WARN_UNGUARDED_AVAILABILITY = YES_AGGRESSIVE;
				CLANG_WARN_UNREACHABLE_CODE = YES;
				CLANG_WARN__DUPLICATE_METHOD_MATCH = YES;
				CODE_SIGN_IDENTITY = "iPhone Developer";
				COPY_PHASE_STRIP = NO;
				CURRENT_PROJECT_VERSION = 1;
				DEBUG_INFORMATION_FORMAT = dwarf;
				ENABLE_STRICT_OBJC_MSGSEND = YES;
				ENABLE_TESTABILITY = YES;
				GCC_C_LANGUAGE_STANDARD = gnu11;
				GCC_DYNAMIC_NO_PIC = NO;
				GCC_NO_COMMON_BLOCKS = YES;
				GCC_OPTIMIZATION_LEVEL = 0;
				GCC_PREPROCESSOR_DEFINITIONS = (
					"DEBUG=1",
					"$(inherited)",
				);
				GCC_WARN_64_TO_32_BIT_CONVERSION = YES;
				GCC_WARN_ABOUT_RETURN_TYPE = YES_ERROR;
				GCC_WARN_UNDECLARED_SELECTOR = YES;
				GCC_WARN_UNINITIALIZED_AUTOS = YES_AGGRESSIVE;
				GCC_WARN_UNUSED_FUNCTION = YES;
				GCC_WARN_UNUSED_VARIABLE = YES;
				IPHONEOS_DEPLOYMENT_TARGET = 10.0;
				MTL_ENABLE_DEBUG_INFO = YES;
				ONLY_ACTIVE_ARCH = YES;
				PRODUCT_MODULE_NAME = JKColors;
				SDKROOT = iphoneos;
				SWIFT_ACTIVE_COMPILATION_CONDITIONS = DEBUG;
				SWIFT_OPTIMIZATION_LEVEL = "-Onone";
				VERSIONING_SYSTEM = "apple-generic";
				VERSION_INFO_PREFIX = "";
			};
			name = Debug;
		};
		931ADED4604E3625DA64A833 /* Release */ = {
			isa = XCBuildConfiguration;
			buildSettings = {
				CODE_SIGN_IDENTITY = "";
				DEFINES_MODULE = YES;
				DYLIB_COMPATIBILITY_VERSION = 1;
				DYLIB_CURRENT_VERSION = 1;
				DYLIB_INSTALL_NAME_BASE = "@rpath";
				INFOPLIST_FILE = JKColors/Info.plist;
				INSTALL_PATH = "$(LOCAL_LIBRARY_DIR)/Frameworks";
				LD_RUNPATH_SEARCH_PATHS = "$(inherited) @executable_path/Frameworks @loader_path/Frameworks";
				PRODUCT_BUNDLE_IDENTIFIER = eu.jkdev.JKColors;
				PRODUCT_NAME = "$(TARGET_NAME:c99extidentifier)";
				SKIP_INSTALL = YES;
				SWIFT_VERSION = 4.0;
				TARGETED_DEVICE_FAMILY = "1,2";
			};
			name = Release;
		};
/* End XCBuildConfiguration section */

/* Begin XCConfigurationList section */
		1D63B3F520D0DEAA002F8892 /* Build configuration list for PBXNativeTarget "JKColors_watchOS" */ = {
			isa = XCConfigurationList;
			buildConfigurations = (
				1D63B3F320D0DEAA002F8892 /* Debug */,
				1D63B3F420D0DEAA002F8892 /* Release */,
			);
			defaultConfigurationIsVisible = 0;
			defaultConfigurationName = Release;
		};
		1D63B41020D0DFDA002F8892 /* Build configuration list for PBXNativeTarget "JKColors_tvOS" */ = {
			isa = XCConfigurationList;
			buildConfigurations = (
				1D63B40C20D0DFDA002F8892 /* Debug */,
				1D63B40D20D0DFDA002F8892 /* Release */,
			);
			defaultConfigurationIsVisible = 0;
			defaultConfigurationName = Release;
		};
		1D63B41120D0DFDA002F8892 /* Build configuration list for PBXNativeTarget "JKColors_tvOSTests" */ = {
			isa = XCConfigurationList;
			buildConfigurations = (
				1D63B40E20D0DFDA002F8892 /* Debug */,
				1D63B40F20D0DFDA002F8892 /* Release */,
			);
			defaultConfigurationIsVisible = 0;
			defaultConfigurationName = Release;
		};
		1D63B42820D0EE3B002F8892 /* Build configuration list for PBXNativeTarget "JKColors_macOS" */ = {
			isa = XCConfigurationList;
			buildConfigurations = (
				1D63B42920D0EE3B002F8892 /* Debug */,
				1D63B42A20D0EE3B002F8892 /* Release */,
			);
			defaultConfigurationIsVisible = 0;
			defaultConfigurationName = Release;
		};
		1D63B42B20D0EE3B002F8892 /* Build configuration list for PBXNativeTarget "JKColors_macOSTests" */ = {
			isa = XCConfigurationList;
			buildConfigurations = (
				1D63B42C20D0EE3B002F8892 /* Debug */,
				1D63B42D20D0EE3B002F8892 /* Release */,
			);
			defaultConfigurationIsVisible = 0;
			defaultConfigurationName = Release;
		};
		931ADC533E3EFF665EB5CF67 /* Build configuration list for PBXNativeTarget "JKColorsTests" */ = {
			isa = XCConfigurationList;
			buildConfigurations = (
				931AD3E0505A4F444EF84414 /* Debug */,
				931AD21B0DD4D9183F46040A /* Release */,
			);
			defaultConfigurationIsVisible = 0;
			defaultConfigurationName = Release;
		};
		931ADCE988D81BD1E5611718 /* Build configuration list for PBXProject "JKColors" */ = {
			isa = XCConfigurationList;
			buildConfigurations = (
				931AD6D5F371D1A727CEBAF1 /* Debug */,
				931AD050F91325D98BAE6C81 /* Release */,
			);
			defaultConfigurationIsVisible = 0;
			defaultConfigurationName = Release;
		};
		931ADFBF81479D2A56C0C950 /* Build configuration list for PBXNativeTarget "JKColors" */ = {
			isa = XCConfigurationList;
			buildConfigurations = (
				931AD43F45F7D399F6E2E760 /* Debug */,
				931ADED4604E3625DA64A833 /* Release */,
			);
			defaultConfigurationIsVisible = 0;
			defaultConfigurationName = Release;
		};
/* End XCConfigurationList section */
	};
	rootObject = 931ADD6ECC443AE41C580EFC /* Project object */;
}
